// !$*UTF8*$!
{
	archiveVersion = 1;
	classes = {
	};
	objectVersion = 46;
	objects = {

/* Begin PBXBuildFile section */
		D58615231D26F88F0010ACD8 /* AppDelegate.swift in Sources */ = {isa = PBXBuildFile; fileRef = D58615221D26F88F0010ACD8 /* AppDelegate.swift */; };
		D58615251D26F88F0010ACD8 /* ViewController.swift in Sources */ = {isa = PBXBuildFile; fileRef = D58615241D26F88F0010ACD8 /* ViewController.swift */; };
		D58615281D26F88F0010ACD8 /* Main.storyboard in Resources */ = {isa = PBXBuildFile; fileRef = D58615261D26F88F0010ACD8 /* Main.storyboard */; };
		D586152A1D26F88F0010ACD8 /* Assets.xcassets in Resources */ = {isa = PBXBuildFile; fileRef = D58615291D26F88F0010ACD8 /* Assets.xcassets */; };
		D586152D1D26F88F0010ACD8 /* LaunchScreen.storyboard in Resources */ = {isa = PBXBuildFile; fileRef = D586152B1D26F88F0010ACD8 /* LaunchScreen.storyboard */; };
		D58615361D26F91E0010ACD8 /* grey-wood.jpg in Resources */ = {isa = PBXBuildFile; fileRef = D58615351D26F91E0010ACD8 /* grey-wood.jpg */; };
/* End PBXBuildFile section */

/* Begin PBXFileReference section */
		D586151F1D26F88F0010ACD8 /* Current Weather.app */ = {isa = PBXFileReference; explicitFileType = wrapper.application; includeInIndex = 0; path = "Current Weather.app"; sourceTree = BUILT_PRODUCTS_DIR; };
		D58615221D26F88F0010ACD8 /* AppDelegate.swift */ = {isa = PBXFileReference; lastKnownFileType = sourcecode.swift; path = AppDelegate.swift; sourceTree = "<group>"; };
		D58615241D26F88F0010ACD8 /* ViewController.swift */ = {isa = PBXFileReference; lastKnownFileType = sourcecode.swift; path = ViewController.swift; sourceTree = "<group>"; };
		D58615271D26F88F0010ACD8 /* Base */ = {isa = PBXFileReference; lastKnownFileType = file.storyboard; name = Base; path = Base.lproj/Main.storyboard; sourceTree = "<group>"; };
		D58615291D26F88F0010ACD8 /* Assets.xcassets */ = {isa = PBXFileReference; lastKnownFileType = folder.assetcatalog; path = Assets.xcassets; sourceTree = "<group>"; };
		D586152C1D26F88F0010ACD8 /* Base */ = {isa = PBXFileReference; lastKnownFileType = file.storyboard; name = Base; path = Base.lproj/LaunchScreen.storyboard; sourceTree = "<group>"; };
		D586152E1D26F88F0010ACD8 /* Info.plist */ = {isa = PBXFileReference; lastKnownFileType = text.plist.xml; path = Info.plist; sourceTree = "<group>"; };
		D58615351D26F91E0010ACD8 /* grey-wood.jpg */ = {isa = PBXFileReference; lastKnownFileType = image.jpeg; path = "grey-wood.jpg"; sourceTree = "<group>"; };
/* End PBXFileReference section */

/* Begin PBXFrameworksBuildPhase section */
		D586151C1D26F88F0010ACD8 /* Frameworks */ = {
			isa = PBXFrameworksBuildPhase;
			buildActionMask = 2147483647;
			files = (
			);
			runOnlyForDeploymentPostprocessing = 0;
		};
/* End PBXFrameworksBuildPhase section */

/* Begin PBXGroup section */
		D58615161D26F88F0010ACD8 = {
			isa = PBXGroup;
			children = (
				D58615211D26F88F0010ACD8 /* Current Weather */,
				D58615201D26F88F0010ACD8 /* Products */,
			);
			sourceTree = "<group>";
		};
		D58615201D26F88F0010ACD8 /* Products */ = {
			isa = PBXGroup;
			children = (
				D586151F1D26F88F0010ACD8 /* Current Weather.app */,
			);
			name = Products;
			sourceTree = "<group>";
		};
		D58615211D26F88F0010ACD8 /* Current Weather */ = {
			isa = PBXGroup;
			children = (
				D58615221D26F88F0010ACD8 /* AppDelegate.swift */,
				D58615241D26F88F0010ACD8 /* ViewController.swift */,
				D58615261D26F88F0010ACD8 /* Main.storyboard */,
				D58615341D26F8EA0010ACD8 /* Images */,
				D58615291D26F88F0010ACD8 /* Assets.xcassets */,
				D586152B1D26F88F0010ACD8 /* LaunchScreen.storyboard */,
				D586152E1D26F88F0010ACD8 /* Info.plist */,
			);
			path = "Current Weather";
			sourceTree = "<group>";
		};
		D58615341D26F8EA0010ACD8 /* Images */ = {
			isa = PBXGroup;
			children = (
				D58615351D26F91E0010ACD8 /* grey-wood.jpg */,
			);
			name = Images;
			sourceTree = "<group>";
		};
/* End PBXGroup section */

/* Begin PBXNativeTarget section */
		D586151E1D26F88F0010ACD8 /* Current Weather */ = {
			isa = PBXNativeTarget;
			buildConfigurationList = D58615311D26F88F0010ACD8 /* Build configuration list for PBXNativeTarget "Current Weather" */;
			buildPhases = (
				D586151B1D26F88F0010ACD8 /* Sources */,
				D586151C1D26F88F0010ACD8 /* Frameworks */,
				D586151D1D26F88F0010ACD8 /* Resources */,
			);
			buildRules = (
			);
			dependencies = (
			);
			name = "Current Weather";
			productName = "Current Weather";
			productReference = D586151F1D26F88F0010ACD8 /* Current Weather.app */;
			productType = "com.apple.product-type.application";
		};
/* End PBXNativeTarget section */

/* Begin PBXProject section */
		D58615171D26F88F0010ACD8 /* Project object */ = {
			isa = PBXProject;
			attributes = {
				LastSwiftUpdateCheck = 0730;
				LastUpgradeCheck = 0730;
				ORGANIZATIONNAME = Italyte;
				TargetAttributes = {
					D586151E1D26F88F0010ACD8 = {
						CreatedOnToolsVersion = 7.3.1;
					};
				};
			};
			buildConfigurationList = D586151A1D26F88F0010ACD8 /* Build configuration list for PBXProject "Current Weather" */;
			compatibilityVersion = "Xcode 3.2";
			developmentRegion = English;
			hasScannedForEncodings = 0;
			knownRegions = (
				en,
				Base,
			);
			mainGroup = D58615161D26F88F0010ACD8;
			productRefGroup = D58615201D26F88F0010ACD8 /* Products */;
			projectDirPath = "";
			projectRoot = "";
			targets = (
				D586151E1D26F88F0010ACD8 /* Current Weather */,
			);
		};
/* End PBXProject section */

/* Begin PBXResourcesBuildPhase section */
		D586151D1D26F88F0010ACD8 /* Resources */ = {
			isa = PBXResourcesBuildPhase;
			buildActionMask = 2147483647;
			files = (
				D586152D1D26F88F0010ACD8 /* LaunchScreen.storyboard in Resources */,
				D58615361D26F91E0010ACD8 /* grey-wood.jpg in Resources */,
				D586152A1D26F88F0010ACD8 /* Assets.xcassets in Resources */,
				D58615281D26F88F0010ACD8 /* Main.storyboard in Resources */,
			);
			runOnlyForDeploymentPostprocessing = 0;
		};
/* End PBXResourcesBuildPhase section */

/* Begin PBXSourcesBuildPhase section */
		D586151B1D26F88F0010ACD8 /* Sources */ = {
			isa = PBXSourcesBuildPhase;
			buildActionMask = 2147483647;
			files = (
				D58615251D26F88F0010ACD8 /* ViewController.swift in Sources */,
				D58615231D26F88F0010ACD8 /* AppDelegate.swift in Sources */,
			);
			runOnlyForDeploymentPostprocessing = 0;
		};
/* End PBXSourcesBuildPhase section */

/* Begin PBXVariantGroup section */
		D58615261D26F88F0010ACD8 /* Main.storyboard */ = {
			isa = PBXVariantGroup;
			children = (
				D58615271D26F88F0010ACD8 /* Base */,
			);
			name = Main.storyboard;
			sourceTree = "<group>";
		};
		D586152B1D26F88F0010ACD8 /* LaunchScreen.storyboard */ = {
			isa = PBXVariantGroup;
			children = (
				D586152C1D26F88F0010ACD8 /* Base */,
			);
			name = LaunchScreen.storyboard;
			sourceTree = "<group>";
		};
/* End PBXVariantGroup section */

/* Begin XCBuildConfiguration section */
		D586152F1D26F88F0010ACD8 /* Debug */ = {
			isa = XCBuildConfiguration;
			buildSettings = {
				ALWAYS_SEARCH_USER_PATHS = NO;
				CLANG_ANALYZER_NONNULL = YES;
				CLANG_CXX_LANGUAGE_STANDARD = "gnu++0x";
				CLANG_CXX_LIBRARY = "libc++";
				CLANG_ENABLE_MODULES = YES;
				CLANG_ENABLE_OBJC_ARC = YES;
				CLANG_WARN_BOOL_CONVERSION = YES;
				CLANG_WARN_CONSTANT_CONVERSION = YES;
				CLANG_WARN_DIRECT_OBJC_ISA_USAGE = YES_ERROR;
				CLANG_WARN_EMPTY_BODY = YES;
				CLANG_WARN_ENUM_CONVERSION = YES;
				CLANG_WARN_INT_CONVERSION = YES;
				CLANG_WARN_OBJC_ROOT_CLASS = YES_ERROR;
				CLANG_WARN_UNREACHABLE_CODE = YES;
				CLANG_WARN__DUPLICATE_METHOD_MATCH = YES;
				"CODE_SIGN_IDENTITY[sdk=iphoneos*]" = "iPhone Developer";
				COPY_PHASE_STRIP = NO;
				DEBUG_INFORMATION_FORMAT = dwarf;
				ENABLE_STRICT_OBJC_MSGSEND = YES;
				ENABLE_TESTABILITY = YES;
				GCC_C_LANGUAGE_STANDARD = gnu99;
				GCC_DYNAMIC_NO_PIC = NO;
				GCC_NO_COMMON_BLOCKS = YES;
				GCC_OPTIMIZATION_LEVEL = 0;
				GCC_PREPROCESSOR_DEFINITIONS = (
					"DEBUG=1",
					"$(inherited)",
				);
				GCC_WARN_64_TO_32_BIT_CONVERSION = YES;
				GCC_WARN_ABOUT_RETURN_TYPE = YES_ERROR;
				GCC_WARN_UNDECLARED_SELECTOR = YES;
				GCC_WARN_UNINITIALIZED_AUTOS = YES_AGGRESSIVE;
				GCC_WARN_UNUSED_FUNCTION = YES;
				GCC_WARN_UNUSED_VARIABLE = YES;
				IPHONEOS_DEPLOYMENT_TARGET = 9.3;
				MTL_ENABLE_DEBUG_INFO = YES;
				ONLY_ACTIVE_ARCH = YES;
				SDKROOT = iphoneos;
				SWIFT_OPTIMIZATION_LEVEL = "-Onone";
			};
			name = Debug;
		};
		D58615301D26F88F0010ACD8 /* Release */ = {
			isa = XCBuildConfiguration;
			buildSettings = {
				ALWAYS_SEARCH_USER_PATHS = NO;
				CLANG_ANALYZER_NONNULL = YES;
				CLANG_CXX_LANGUAGE_STANDARD = "gnu++0x";
				CLANG_CXX_LIBRARY = "libc++";
				CLANG_ENABLE_MODULES = YES;
				CLANG_ENABLE_OBJC_ARC = YES;
				CLANG_WARN_BOOL_CONVERSION = YES;
				CLANG_WARN_CONSTANT_CONVERSION = YES;
				CLANG_WARN_DIRECT_OBJC_ISA_USAGE = YES_ERROR;
				CLANG_WARN_EMPTY_BODY = YES;
				CLANG_WARN_ENUM_CONVERSION = YES;
				CLANG_WARN_INT_CONVERSION = YES;
				CLANG_WARN_OBJC_ROOT_CLASS = YES_ERROR;
				CLANG_WARN_UNREACHABLE_CODE = YES;
				CLANG_WARN__DUPLICATE_METHOD_MATCH = YES;
				"CODE_SIGN_IDENTITY[sdk=iphoneos*]" = "iPhone Developer";
				COPY_PHASE_STRIP = NO;
				DEBUG_INFORMATION_FORMAT = "dwarf-with-dsym";
				ENABLE_NS_ASSERTIONS = NO;
				ENABLE_STRICT_OBJC_MSGSEND = YES;
				GCC_C_LANGUAGE_STANDARD = gnu99;
				GCC_NO_COMMON_BLOCKS = YES;
				GCC_WARN_64_TO_32_BIT_CONVERSION = YES;
				GCC_WARN_ABOUT_RETURN_TYPE = YES_ERROR;
				GCC_WARN_UNDECLARED_SELECTOR = YES;
				GCC_WARN_UNINITIALIZED_AUTOS = YES_AGGRESSIVE;
				GCC_WARN_UNUSED_FUNCTION = YES;
				GCC_WARN_UNUSED_VARIABLE = YES;
				IPHONEOS_DEPLOYMENT_TARGET = 9.3;
				MTL_ENABLE_DEBUG_INFO = NO;
				SDKROOT = iphoneos;
				VALIDATE_PRODUCT = YES;
			};
			name = Release;
		};
		D58615321D26F88F0010ACD8 /* Debug */ = {
			isa = XCBuildConfiguration;
			buildSettings = {
				ASSETCATALOG_COMPILER_APPICON_NAME = AppIcon;
				INFOPLIST_FILE = "Current Weather/Info.plist";
				LD_RUNPATH_SEARCH_PATHS = "$(inherited) @executable_path/Frameworks";
				PRODUCT_BUNDLE_IDENTIFIER = "com.Italyte.Current-Weather";
				PRODUCT_NAME = "$(TARGET_NAME)";
			};
			name = Debug;
		};
		D58615331D26F88F0010ACD8 /* Release */ = {
			isa = XCBuildConfiguration;
			buildSettings = {
				ASSETCATALOG_COMPILER_APPICON_NAME = AppIcon;
				INFOPLIST_FILE = "Current Weather/Info.plist";
				LD_RUNPATH_SEARCH_PATHS = "$(inherited) @executable_path/Frameworks";
				PRODUCT_BUNDLE_IDENTIFIER = "com.Italyte.Current-Weather";
				PRODUCT_NAME = "$(TARGET_NAME)";
			};
			name = Release;
		};
/* End XCBuildConfiguration section */

/* Begin XCConfigurationList section */
		D586151A1D26F88F0010ACD8 /* Build configuration list for PBXProject "Current Weather" */ = {
			isa = XCConfigurationList;
			buildConfigurations = (
				D586152F1D26F88F0010ACD8 /* Debug */,
				D58615301D26F88F0010ACD8 /* Release */,
			);
			defaultConfigurationIsVisible = 0;
			defaultConfigurationName = Release;
		};
		D58615311D26F88F0010ACD8 /* Build configuration list for PBXNativeTarget "Current Weather" */ = {
			isa = XCConfigurationList;
			buildConfigurations = (
				D58615321D26F88F0010ACD8 /* Debug */,
				D58615331D26F88F0010ACD8 /* Release */,
			);
			defaultConfigurationIsVisible = 0;
		};
/* End XCConfigurationList section */
	};
	rootObject = D58615171D26F88F0010ACD8 /* Project object */;
}
